
Microsoft Visual Studio Solution File, Format Version 12.00
# Visual Studio 15
VisualStudioVersion = 15.0.27703.2035
MinimumVisualStudioVersion = 10.0.40219.1
Project("{FAE04EC0-301F-11D3-BF4B-00C04F79EFBC}") = "UwianTimer.UWP", "UwianTimer.UWP\UwianTimer.UWP.csproj", "{4B7D644F-866D-415A-800A-30259BA32202}"
EndProject
Project("{FAE04EC0-301F-11D3-BF4B-00C04F79EFBC}") = "UwianTimer.EF", "UwianTimer.EF\UwianTimer.EF.csproj", "{32BD033C-B103-4558-9A44-1B3310ADCFA6}"
EndProject
Global
	GlobalSection(SolutionConfigurationPlatforms) = preSolution
		Debug|Any CPU = Debug|Any CPU
		Debug|ARM = Debug|ARM
		Debug|x64 = Debug|x64
		Debug|x86 = Debug|x86
		Release|Any CPU = Release|Any CPU
		Release|ARM = Release|ARM
		Release|x64 = Release|x64
		Release|x86 = Release|x86
	EndGlobalSection
	GlobalSection(ProjectConfigurationPlatforms) = postSolution
		{4B7D644F-866D-415A-800A-30259BA32202}.Debug|Any CPU.ActiveCfg = Debug|x64
		{4B7D644F-866D-415A-800A-30259BA32202}.Debug|Any CPU.Build.0 = Debug|x64
		{4B7D644F-866D-415A-800A-30259BA32202}.Debug|Any CPU.Deploy.0 = Debug|x64
		{4B7D644F-866D-415A-800A-30259BA32202}.Debug|ARM.ActiveCfg = Debug|ARM
		{4B7D644F-866D-415A-800A-30259BA32202}.Debug|ARM.Build.0 = Debug|ARM
		{4B7D644F-866D-415A-800A-30259BA32202}.Debug|ARM.Deploy.0 = Debug|ARM
		{4B7D644F-866D-415A-800A-30259BA32202}.Debug|x64.ActiveCfg = Debug|x64
		{4B7D644F-866D-415A-800A-30259BA32202}.Debug|x64.Build.0 = Debug|x64
		{4B7D644F-866D-415A-800A-30259BA32202}.Debug|x64.Deploy.0 = Debug|x64
		{4B7D644F-866D-415A-800A-30259BA32202}.Debug|x86.ActiveCfg = Debug|x86
		{4B7D644F-866D-415A-800A-30259BA32202}.Debug|x86.Build.0 = Debug|x86
		{4B7D644F-866D-415A-800A-30259BA32202}.Debug|x86.Deploy.0 = Debug|x86
		{4B7D644F-866D-415A-800A-30259BA32202}.Release|Any CPU.ActiveCfg = Release|x86
		{4B7D644F-866D-415A-800A-30259BA32202}.Release|ARM.ActiveCfg = Release|ARM
		{4B7D644F-866D-415A-800A-30259BA32202}.Release|ARM.Build.0 = Release|ARM
		{4B7D644F-866D-415A-800A-30259BA32202}.Release|ARM.Deploy.0 = Release|ARM
		{4B7D644F-866D-415A-800A-30259BA32202}.Release|x64.ActiveCfg = Release|x64
		{4B7D644F-866D-415A-800A-30259BA32202}.Release|x64.Build.0 = Release|x64
		{4B7D644F-866D-415A-800A-30259BA32202}.Release|x64.Deploy.0 = Release|x64
		{4B7D644F-866D-415A-800A-30259BA32202}.Release|x86.ActiveCfg = Release|x86
		{4B7D644F-866D-415A-800A-30259BA32202}.Release|x86.Build.0 = Release|x86
		{4B7D644F-866D-415A-800A-30259BA32202}.Release|x86.Deploy.0 = Release|x86
		{32BD033C-B103-4558-9A44-1B3310ADCFA6}.Debug|Any CPU.ActiveCfg = Debug|Any CPU
		{32BD033C-B103-4558-9A44-1B3310ADCFA6}.Debug|Any CPU.Build.0 = Debug|Any CPU
		{32BD033C-B103-4558-9A44-1B3310ADCFA6}.Debug|ARM.ActiveCfg = Debug|Any CPU
		{32BD033C-B103-4558-9A44-1B3310ADCFA6}.Debug|ARM.Build.0 = Debug|Any CPU
		{32BD033C-B103-4558-9A44-1B3310ADCFA6}.Debug|x64.ActiveCfg = Debug|Any CPU
		{32BD033C-B103-4558-9A44-1B3310ADCFA6}.Debug|x64.Build.0 = Debug|Any CPU
		{32BD033C-B103-4558-9A44-1B3310ADCFA6}.Debug|x86.ActiveCfg = Debug|Any CPU
		{32BD033C-B103-4558-9A44-1B3310ADCFA6}.Debug|x86.Build.0 = Debug|Any CPU
		{32BD033C-B103-4558-9A44-1B3310ADCFA6}.Release|Any CPU.ActiveCfg = Release|Any CPU
		{32BD033C-B103-4558-9A44-1B3310ADCFA6}.Release|Any CPU.Build.0 = Release|Any CPU
		{32BD033C-B103-4558-9A44-1B3310ADCFA6}.Release|ARM.ActiveCfg = Release|Any CPU
		{32BD033C-B103-4558-9A44-1B3310ADCFA6}.Release|ARM.Build.0 = Release|Any CPU
		{32BD033C-B103-4558-9A44-1B3310ADCFA6}.Release|x64.ActiveCfg = Release|Any CPU
		{32BD033C-B103-4558-9A44-1B3310ADCFA6}.Release|x64.Build.0 = Release|Any CPU
		{32BD033C-B103-4558-9A44-1B3310ADCFA6}.Release|x86.ActiveCfg = Release|Any CPU
		{32BD033C-B103-4558-9A44-1B3310ADCFA6}.Release|x86.Build.0 = Release|Any CPU
	EndGlobalSection
	GlobalSection(SolutionProperties) = preSolution
		HideSolutionNode = FALSE
	EndGlobalSection
	GlobalSection(ExtensibilityGlobals) = postSolution
		SolutionGuid = {F4934CCA-B710-44D7-BB18-B8F9D565105A}
	EndGlobalSection
EndGlobal
